{
  "object": {
    "pins": [
      {
        "package": "MiniLexer",
        "repositoryURL": "https://github.com/LuizZak/MiniLexer.git",
        "state": {
          "branch": null,
          "revision": "c614d432f1ef6873761d99141d4363a6d9b08d43",
          "version": "0.11.0"
        }
      },
      {
        "package": "swift-argument-parser",
        "repositoryURL": "https://github.com/apple/swift-argument-parser.git",
        "state": {
          "branch": null,
          "revision": "df9ee6676cd5b3bf5b330ec7568a5644f547201b",
          "version": "1.1.3"
        }
      }
    ]
  },
  "version": 1
}
